
Microsoft Visual Studio Solution File, Format Version 11.00
# Visual Studio 2010
Project("{FAE04EC0-301F-11D3-BF4B-00C04F79EFBC}") = "Assembly-CSharp", "Assembly-CSharp.csproj", "{8d96ffb0-ac2d-4ca4-b082-31a75479bafb}"
EndProject
Project("{FAE04EC0-301F-11D3-BF4B-00C04F79EFBC}") = "AstarPathfindingProject", "AstarPathfindingProject.csproj", "{3b77dcaa-da66-110b-9b64-b05e4b44549a}"
EndProject
Project("{FAE04EC0-301F-11D3-BF4B-00C04F79EFBC}") = "AstarPathfindingProjectEditor", "AstarPathfindingProjectEditor.csproj", "{16c19dfb-d6cf-626f-1a5e-b67d62dc4e06}"
EndProject
Project("{FAE04EC0-301F-11D3-BF4B-00C04F79EFBC}") = "PackageToolsEditor", "PackageToolsEditor.csproj", "{60f5e73c-e3f2-4899-c6bd-14e62fb2d8ec}"
EndProject
Global
	GlobalSection(SolutionConfigurationPlatforms) = preSolution
		Debug|Any CPU = Debug|Any CPU
		Release|Any CPU = Release|Any CPU
	EndGlobalSection
	GlobalSection(ProjectConfigurationPlatforms) = postSolution
		{8d96ffb0-ac2d-4ca4-b082-31a75479bafb}.Debug|Any CPU.ActiveCfg = Debug|Any CPU
		{8d96ffb0-ac2d-4ca4-b082-31a75479bafb}.Debug|Any CPU.Build.0 = Debug|Any CPU
		{8d96ffb0-ac2d-4ca4-b082-31a75479bafb}.Release|Any CPU.ActiveCfg = Release|Any CPU
		{8d96ffb0-ac2d-4ca4-b082-31a75479bafb}.Release|Any CPU.Build.0 = Release|Any CPU
		{3b77dcaa-da66-110b-9b64-b05e4b44549a}.Debug|Any CPU.ActiveCfg = Debug|Any CPU
		{3b77dcaa-da66-110b-9b64-b05e4b44549a}.Debug|Any CPU.Build.0 = Debug|Any CPU
		{3b77dcaa-da66-110b-9b64-b05e4b44549a}.Release|Any CPU.ActiveCfg = Release|Any CPU
		{3b77dcaa-da66-110b-9b64-b05e4b44549a}.Release|Any CPU.Build.0 = Release|Any CPU
		{16c19dfb-d6cf-626f-1a5e-b67d62dc4e06}.Debug|Any CPU.ActiveCfg = Debug|Any CPU
		{16c19dfb-d6cf-626f-1a5e-b67d62dc4e06}.Debug|Any CPU.Build.0 = Debug|Any CPU
		{16c19dfb-d6cf-626f-1a5e-b67d62dc4e06}.Release|Any CPU.ActiveCfg = Release|Any CPU
		{16c19dfb-d6cf-626f-1a5e-b67d62dc4e06}.Release|Any CPU.Build.0 = Release|Any CPU
		{60f5e73c-e3f2-4899-c6bd-14e62fb2d8ec}.Debug|Any CPU.ActiveCfg = Debug|Any CPU
		{60f5e73c-e3f2-4899-c6bd-14e62fb2d8ec}.Debug|Any CPU.Build.0 = Debug|Any CPU
		{60f5e73c-e3f2-4899-c6bd-14e62fb2d8ec}.Release|Any CPU.ActiveCfg = Release|Any CPU
		{60f5e73c-e3f2-4899-c6bd-14e62fb2d8ec}.Release|Any CPU.Build.0 = Release|Any CPU
	EndGlobalSection
	GlobalSection(SolutionProperties) = preSolution
		HideSolutionNode = FALSE
	EndGlobalSection
EndGlobal
